
Microsoft Visual Studio Solution File, Format Version 12.00
# Visual Studio Version 17
VisualStudioVersion = 17.4.33110.190
MinimumVisualStudioVersion = 10.0.40219.1
Project("{2150E333-8FDC-42A3-9474-1A3956D46DE8}") = "src", "src", "{2FA2EA01-6E2D-45BB-AB1B-8286B35044CE}"
EndProject
Project("{2150E333-8FDC-42A3-9474-1A3956D46DE8}") = "test", "test", "{09919CF1-141E-4CBA-BBDA-73E9D2A8BD7E}"
EndProject
Project("{9A19103F-16F7-4668-BE54-9A1E7A4F7556}") = "BrowserTravel.Library.API", "BrowserTravel.Library.API\BrowserTravel.Library.API.csproj", "{993BBBE8-F849-465B-8944-F49E0280A6B8}"
EndProject
Project("{9A19103F-16F7-4668-BE54-9A1E7A4F7556}") = "BrowserTravel.Library.Infraestructure", "BrowserTravel.Library.Infraestructure\BrowserTravel.Library.Infraestructure.csproj", "{894B8F67-6470-4C97-AADA-4F55A62874B8}"
EndProject
Project("{9A19103F-16F7-4668-BE54-9A1E7A4F7556}") = "BrowserTravel.Library.Repository", "BrowserTravel.Library.Repository\BrowserTravel.Library.Repository.csproj", "{A5EFD628-24A3-46C4-BF37-F2D5C657774F}"
EndProject
Project("{9A19103F-16F7-4668-BE54-9A1E7A4F7556}") = "BrowserTravel.Library.Services", "BrowserTravel.Library.Services\BrowserTravel.Library.Services.csproj", "{269CC31B-4405-45A9-8495-276CEB6FD323}"
EndProject
Project("{9A19103F-16F7-4668-BE54-9A1E7A4F7556}") = "BrowserTravel.Library.Entities", "BrowserTravel.Library.Entities\BrowserTravel.Library.Entities.csproj", "{06C8F127-AA2F-4BC6-86F7-84BCFD13F0C5}"
EndProject
Project("{9A19103F-16F7-4668-BE54-9A1E7A4F7556}") = "BrowserTravel.Library.Test", "BrowserTravel.Library.Test\BrowserTravel.Library.Test.csproj", "{E1B08467-7E07-49E7-ABC8-42530C27F953}"
EndProject
Project("{9A19103F-16F7-4668-BE54-9A1E7A4F7556}") = "BrowserTravel.Library.Common", "BrowserTravel.Library.Common\BrowserTravel.Library.Common.csproj", "{6FEFB206-B1FC-4509-899B-50E4D6F236FF}"
EndProject
Project("{FAE04EC0-301F-11D3-BF4B-00C04F79EFBC}") = "WebApp", "WebApp\WebApp.csproj", "{263210E6-B930-4574-8685-B8E4A47BE5E2}"
EndProject
Global
	GlobalSection(SolutionConfigurationPlatforms) = preSolution
		Debug|Any CPU = Debug|Any CPU
		Release|Any CPU = Release|Any CPU
	EndGlobalSection
	GlobalSection(ProjectConfigurationPlatforms) = postSolution
		{993BBBE8-F849-465B-8944-F49E0280A6B8}.Debug|Any CPU.ActiveCfg = Debug|Any CPU
		{993BBBE8-F849-465B-8944-F49E0280A6B8}.Debug|Any CPU.Build.0 = Debug|Any CPU
		{993BBBE8-F849-465B-8944-F49E0280A6B8}.Release|Any CPU.ActiveCfg = Release|Any CPU
		{993BBBE8-F849-465B-8944-F49E0280A6B8}.Release|Any CPU.Build.0 = Release|Any CPU
		{894B8F67-6470-4C97-AADA-4F55A62874B8}.Debug|Any CPU.ActiveCfg = Debug|Any CPU
		{894B8F67-6470-4C97-AADA-4F55A62874B8}.Debug|Any CPU.Build.0 = Debug|Any CPU
		{894B8F67-6470-4C97-AADA-4F55A62874B8}.Release|Any CPU.ActiveCfg = Release|Any CPU
		{894B8F67-6470-4C97-AADA-4F55A62874B8}.Release|Any CPU.Build.0 = Release|Any CPU
		{A5EFD628-24A3-46C4-BF37-F2D5C657774F}.Debug|Any CPU.ActiveCfg = Debug|Any CPU
		{A5EFD628-24A3-46C4-BF37-F2D5C657774F}.Debug|Any CPU.Build.0 = Debug|Any CPU
		{A5EFD628-24A3-46C4-BF37-F2D5C657774F}.Release|Any CPU.ActiveCfg = Release|Any CPU
		{A5EFD628-24A3-46C4-BF37-F2D5C657774F}.Release|Any CPU.Build.0 = Release|Any CPU
		{269CC31B-4405-45A9-8495-276CEB6FD323}.Debug|Any CPU.ActiveCfg = Debug|Any CPU
		{269CC31B-4405-45A9-8495-276CEB6FD323}.Debug|Any CPU.Build.0 = Debug|Any CPU
		{269CC31B-4405-45A9-8495-276CEB6FD323}.Release|Any CPU.ActiveCfg = Release|Any CPU
		{269CC31B-4405-45A9-8495-276CEB6FD323}.Release|Any CPU.Build.0 = Release|Any CPU
		{06C8F127-AA2F-4BC6-86F7-84BCFD13F0C5}.Debug|Any CPU.ActiveCfg = Debug|Any CPU
		{06C8F127-AA2F-4BC6-86F7-84BCFD13F0C5}.Debug|Any CPU.Build.0 = Debug|Any CPU
		{06C8F127-AA2F-4BC6-86F7-84BCFD13F0C5}.Release|Any CPU.ActiveCfg = Release|Any CPU
		{06C8F127-AA2F-4BC6-86F7-84BCFD13F0C5}.Release|Any CPU.Build.0 = Release|Any CPU
		{E1B08467-7E07-49E7-ABC8-42530C27F953}.Debug|Any CPU.ActiveCfg = Debug|Any CPU
		{E1B08467-7E07-49E7-ABC8-42530C27F953}.Debug|Any CPU.Build.0 = Debug|Any CPU
		{E1B08467-7E07-49E7-ABC8-42530C27F953}.Release|Any CPU.ActiveCfg = Release|Any CPU
		{E1B08467-7E07-49E7-ABC8-42530C27F953}.Release|Any CPU.Build.0 = Release|Any CPU
		{6FEFB206-B1FC-4509-899B-50E4D6F236FF}.Debug|Any CPU.ActiveCfg = Debug|Any CPU
		{6FEFB206-B1FC-4509-899B-50E4D6F236FF}.Debug|Any CPU.Build.0 = Debug|Any CPU
		{6FEFB206-B1FC-4509-899B-50E4D6F236FF}.Release|Any CPU.ActiveCfg = Release|Any CPU
		{6FEFB206-B1FC-4509-899B-50E4D6F236FF}.Release|Any CPU.Build.0 = Release|Any CPU
		{263210E6-B930-4574-8685-B8E4A47BE5E2}.Debug|Any CPU.ActiveCfg = Debug|Any CPU
		{263210E6-B930-4574-8685-B8E4A47BE5E2}.Debug|Any CPU.Build.0 = Debug|Any CPU
		{263210E6-B930-4574-8685-B8E4A47BE5E2}.Release|Any CPU.ActiveCfg = Release|Any CPU
		{263210E6-B930-4574-8685-B8E4A47BE5E2}.Release|Any CPU.Build.0 = Release|Any CPU
	EndGlobalSection
	GlobalSection(SolutionProperties) = preSolution
		HideSolutionNode = FALSE
	EndGlobalSection
	GlobalSection(NestedProjects) = preSolution
		{993BBBE8-F849-465B-8944-F49E0280A6B8} = {2FA2EA01-6E2D-45BB-AB1B-8286B35044CE}
		{894B8F67-6470-4C97-AADA-4F55A62874B8} = {2FA2EA01-6E2D-45BB-AB1B-8286B35044CE}
		{A5EFD628-24A3-46C4-BF37-F2D5C657774F} = {2FA2EA01-6E2D-45BB-AB1B-8286B35044CE}
		{269CC31B-4405-45A9-8495-276CEB6FD323} = {2FA2EA01-6E2D-45BB-AB1B-8286B35044CE}
		{06C8F127-AA2F-4BC6-86F7-84BCFD13F0C5} = {2FA2EA01-6E2D-45BB-AB1B-8286B35044CE}
		{E1B08467-7E07-49E7-ABC8-42530C27F953} = {09919CF1-141E-4CBA-BBDA-73E9D2A8BD7E}
		{6FEFB206-B1FC-4509-899B-50E4D6F236FF} = {2FA2EA01-6E2D-45BB-AB1B-8286B35044CE}
		{263210E6-B930-4574-8685-B8E4A47BE5E2} = {2FA2EA01-6E2D-45BB-AB1B-8286B35044CE}
	EndGlobalSection
	GlobalSection(ExtensibilityGlobals) = postSolution
		SolutionGuid = {374223FC-5147-482D-BAFC-9383AF4B37B4}
	EndGlobalSection
EndGlobal
